// !$*UTF8*$!
{
	archiveVersion = 1;
	classes = {
	};
	objectVersion = 70;
	objects = {

/* Begin PBXBuildFile section */
		01C8FBC02D772AAB00C544A3 /* ChangeTeamSelectView.swift in Sources */ = {isa = PBXBuildFile; fileRef = 01C8FBBF2D772AA500C544A3 /* ChangeTeamSelectView.swift */; };
		01C8FBD22D8CFA6900C544A3 /* CustomButtonStyle.swift in Sources */ = {isa = PBXBuildFile; fileRef = 01B46CE82D2141EE0007CBFF /* CustomButtonStyle.swift */; };
		01C8FBD42D8CFA6900C544A3 /* SplashView.swift in Sources */ = {isa = PBXBuildFile; fileRef = B8CB51162CC13C5E0045481A /* SplashView.swift */; };
		01C8FBD52D8CFA6900C544A3 /* CustomInputView.swift in Sources */ = {isa = PBXBuildFile; fileRef = 01B46D002D33B9270007CBFF /* CustomInputView.swift */; };
		01C8FBD62D8CFA6900C544A3 /* Color.swift in Sources */ = {isa = PBXBuildFile; fileRef = 01C8FBB92D71D10D00C544A3 /* Color.swift */; };
		01C8FBDB2D8CFB9000C544A3 /* RoundedCorner.swift in Sources */ = {isa = PBXBuildFile; fileRef = 01C8FBDA2D8CFB9000C544A3 /* RoundedCorner.swift */; };
		01C8FBDF2D8D0AF400C544A3 /* DetailHeaderView.swift in Sources */ = {isa = PBXBuildFile; fileRef = 01C8FBDE2D8D0AF400C544A3 /* DetailHeaderView.swift */; };
		B832ACC52DD9BEB6006D2E68 /* CustomDatePickerView.swift in Sources */ = {isa = PBXBuildFile; fileRef = B832ACC42DD9BEB1006D2E68 /* CustomDatePickerView.swift */; };
		B832ACC72DD9BEDC006D2E68 /* CalendarGridView.swift in Sources */ = {isa = PBXBuildFile; fileRef = B832ACC62DD9BED9006D2E68 /* CalendarGridView.swift */; };
		B832ACC92DD9C626006D2E68 /* DatePickerView.swift in Sources */ = {isa = PBXBuildFile; fileRef = B832ACC82DD9C624006D2E68 /* DatePickerView.swift */; };
		B85AE71F2CC142F90011BDB1 /* KakaoSDKAuth in Frameworks */ = {isa = PBXBuildFile; productRef = B85AE71E2CC142F90011BDB1 /* KakaoSDKAuth */; };
		B85AE7212CC142F90011BDB1 /* KakaoSDKCommon in Frameworks */ = {isa = PBXBuildFile; productRef = B85AE7202CC142F90011BDB1 /* KakaoSDKCommon */; };
		B85AE7232CC142F90011BDB1 /* KakaoSDKUser in Frameworks */ = {isa = PBXBuildFile; productRef = B85AE7222CC142F90011BDB1 /* KakaoSDKUser */; };
		B85AE7292CCD1F0B0011BDB1 /* GoogleSignIn in Frameworks */ = {isa = PBXBuildFile; productRef = B85AE7282CCD1F0B0011BDB1 /* GoogleSignIn */; };
		B85AE72B2CCD1F0B0011BDB1 /* GoogleSignInSwift in Frameworks */ = {isa = PBXBuildFile; productRef = B85AE72A2CCD1F0B0011BDB1 /* GoogleSignInSwift */; };
		B8CB50EC2CC13BAC0045481A /* balllogApp.swift in Sources */ = {isa = PBXBuildFile; fileRef = B8CB50EB2CC13BAC0045481A /* balllogApp.swift */; };
		B8CB50F02CC13BB00045481A /* Assets.xcassets in Resources */ = {isa = PBXBuildFile; fileRef = B8CB50EF2CC13BB00045481A /* Assets.xcassets */; };
		B8CB50F32CC13BB00045481A /* Preview Assets.xcassets in Resources */ = {isa = PBXBuildFile; fileRef = B8CB50F22CC13BB00045481A /* Preview Assets.xcassets */; };
		B8CB50FD2CC13BB00045481A /* balllogTests.swift in Sources */ = {isa = PBXBuildFile; fileRef = B8CB50FC2CC13BB00045481A /* balllogTests.swift */; };
		B8CB51072CC13BB00045481A /* balllogUITests.swift in Sources */ = {isa = PBXBuildFile; fileRef = B8CB51062CC13BB00045481A /* balllogUITests.swift */; };
		B8CB51092CC13BB00045481A /* balllogUITestsLaunchTests.swift in Sources */ = {isa = PBXBuildFile; fileRef = B8CB51082CC13BB00045481A /* balllogUITestsLaunchTests.swift */; };
/* End PBXBuildFile section */

/* Begin PBXContainerItemProxy section */
		B8CB50F92CC13BB00045481A /* PBXContainerItemProxy */ = {
			isa = PBXContainerItemProxy;
			containerPortal = B8CB50E02CC13BAC0045481A /* Project object */;
			proxyType = 1;
			remoteGlobalIDString = B8CB50E72CC13BAC0045481A;
			remoteInfo = balllog;
		};
		B8CB51032CC13BB00045481A /* PBXContainerItemProxy */ = {
			isa = PBXContainerItemProxy;
			containerPortal = B8CB50E02CC13BAC0045481A /* Project object */;
			proxyType = 1;
			remoteGlobalIDString = B8CB50E72CC13BAC0045481A;
			remoteInfo = balllog;
		};
/* End PBXContainerItemProxy section */

/* Begin PBXFileReference section */
		01B46CE82D2141EE0007CBFF /* CustomButtonStyle.swift */ = {isa = PBXFileReference; lastKnownFileType = sourcecode.swift; path = CustomButtonStyle.swift; sourceTree = "<group>"; };
		01B46D002D33B9270007CBFF /* CustomInputView.swift */ = {isa = PBXFileReference; lastKnownFileType = sourcecode.swift; path = CustomInputView.swift; sourceTree = "<group>"; };
		01C8FBB92D71D10D00C544A3 /* Color.swift */ = {isa = PBXFileReference; lastKnownFileType = sourcecode.swift; path = Color.swift; sourceTree = "<group>"; };
		01C8FBBF2D772AA500C544A3 /* ChangeTeamSelectView.swift */ = {isa = PBXFileReference; lastKnownFileType = sourcecode.swift; path = ChangeTeamSelectView.swift; sourceTree = "<group>"; };
		01C8FBDA2D8CFB9000C544A3 /* RoundedCorner.swift */ = {isa = PBXFileReference; lastKnownFileType = sourcecode.swift; path = RoundedCorner.swift; sourceTree = "<group>"; };
		01C8FBDE2D8D0AF400C544A3 /* DetailHeaderView.swift */ = {isa = PBXFileReference; lastKnownFileType = sourcecode.swift; path = DetailHeaderView.swift; sourceTree = "<group>"; };
		B832ACC42DD9BEB1006D2E68 /* CustomDatePickerView.swift */ = {isa = PBXFileReference; lastKnownFileType = sourcecode.swift; path = CustomDatePickerView.swift; sourceTree = "<group>"; };
		B832ACC62DD9BED9006D2E68 /* CalendarGridView.swift */ = {isa = PBXFileReference; lastKnownFileType = sourcecode.swift; path = CalendarGridView.swift; sourceTree = "<group>"; };
		B832ACC82DD9C624006D2E68 /* DatePickerView.swift */ = {isa = PBXFileReference; lastKnownFileType = sourcecode.swift; path = DatePickerView.swift; sourceTree = "<group>"; };
		B85AE71A2CC140360011BDB1 /* Info.plist */ = {isa = PBXFileReference; lastKnownFileType = text.plist.xml; path = Info.plist; sourceTree = "<group>"; };
		B8955BAA2D1059140006350D /* balllog.entitlements */ = {isa = PBXFileReference; lastKnownFileType = text.plist.entitlements; path = balllog.entitlements; sourceTree = "<group>"; };
		B8CB50E82CC13BAC0045481A /* balllog.app */ = {isa = PBXFileReference; explicitFileType = wrapper.application; includeInIndex = 0; path = balllog.app; sourceTree = BUILT_PRODUCTS_DIR; };
		B8CB50EB2CC13BAC0045481A /* balllogApp.swift */ = {isa = PBXFileReference; lastKnownFileType = sourcecode.swift; path = balllogApp.swift; sourceTree = "<group>"; };
		B8CB50EF2CC13BB00045481A /* Assets.xcassets */ = {isa = PBXFileReference; lastKnownFileType = folder.assetcatalog; path = Assets.xcassets; sourceTree = "<group>"; };
		B8CB50F22CC13BB00045481A /* Preview Assets.xcassets */ = {isa = PBXFileReference; lastKnownFileType = folder.assetcatalog; path = "Preview Assets.xcassets"; sourceTree = "<group>"; };
		B8CB50F82CC13BB00045481A /* balllogTests.xctest */ = {isa = PBXFileReference; explicitFileType = wrapper.cfbundle; includeInIndex = 0; path = balllogTests.xctest; sourceTree = BUILT_PRODUCTS_DIR; };
		B8CB50FC2CC13BB00045481A /* balllogTests.swift */ = {isa = PBXFileReference; lastKnownFileType = sourcecode.swift; path = balllogTests.swift; sourceTree = "<group>"; };
		B8CB51022CC13BB00045481A /* balllogUITests.xctest */ = {isa = PBXFileReference; explicitFileType = wrapper.cfbundle; includeInIndex = 0; path = balllogUITests.xctest; sourceTree = BUILT_PRODUCTS_DIR; };
		B8CB51062CC13BB00045481A /* balllogUITests.swift */ = {isa = PBXFileReference; lastKnownFileType = sourcecode.swift; path = balllogUITests.swift; sourceTree = "<group>"; };
		B8CB51082CC13BB00045481A /* balllogUITestsLaunchTests.swift */ = {isa = PBXFileReference; lastKnownFileType = sourcecode.swift; path = balllogUITestsLaunchTests.swift; sourceTree = "<group>"; };
		B8CB51162CC13C5E0045481A /* SplashView.swift */ = {isa = PBXFileReference; lastKnownFileType = sourcecode.swift; path = SplashView.swift; sourceTree = "<group>"; };
/* End PBXFileReference section */

/* Begin PBXFileSystemSynchronizedBuildFileExceptionSet section */
		B8DEF4122E1BEA1C00933452 /* PBXFileSystemSynchronizedBuildFileExceptionSet */ = {
			isa = PBXFileSystemSynchronizedBuildFileExceptionSet;
			membershipExceptions = (
				AppleLoginView.swift,
			);
			target = B8CB50E72CC13BAC0045481A /* balllog */;
		};
/* End PBXFileSystemSynchronizedBuildFileExceptionSet section */

/* Begin PBXFileSystemSynchronizedRootGroup section */
		01A952CC2DC0FE33002A1B5E /* ServiceCommon */ = {isa = PBXFileSystemSynchronizedRootGroup; explicitFileTypes = {}; explicitFolders = (); path = ServiceCommon; sourceTree = "<group>"; };
		01C8FBC52D8C36E300C544A3 /* Font */ = {isa = PBXFileSystemSynchronizedRootGroup; explicitFileTypes = {}; explicitFolders = (); path = Font; sourceTree = "<group>"; };
		B8DEF3CC2E15502000933452 /* Utils */ = {isa = PBXFileSystemSynchronizedRootGroup; explicitFileTypes = {}; explicitFolders = (); path = Utils; sourceTree = "<group>"; };
		B8DEF3CD2E15502600933452 /* Models */ = {isa = PBXFileSystemSynchronizedRootGroup; explicitFileTypes = {}; explicitFolders = (); path = Models; sourceTree = "<group>"; };
		B8DEF3CE2E15503300933452 /* Views */ = {isa = PBXFileSystemSynchronizedRootGroup; explicitFileTypes = {}; explicitFolders = (); path = Views; sourceTree = "<group>"; };
		B8DEF3CF2E15503800933452 /* ViewModels */ = {isa = PBXFileSystemSynchronizedRootGroup; exceptions = (B8DEF4122E1BEA1C00933452 /* PBXFileSystemSynchronizedBuildFileExceptionSet */, ); explicitFileTypes = {}; explicitFolders = (); path = ViewModels; sourceTree = "<group>"; };
		B8DEF3D02E15503E00933452 /* Services */ = {isa = PBXFileSystemSynchronizedRootGroup; explicitFileTypes = {}; explicitFolders = (); path = Services; sourceTree = "<group>"; };
/* End PBXFileSystemSynchronizedRootGroup section */

/* Begin PBXFrameworksBuildPhase section */
		B8CB50E52CC13BAC0045481A /* Frameworks */ = {
			isa = PBXFrameworksBuildPhase;
			buildActionMask = 2147483647;
			files = (
				B85AE72B2CCD1F0B0011BDB1 /* GoogleSignInSwift in Frameworks */,
				B85AE7212CC142F90011BDB1 /* KakaoSDKCommon in Frameworks */,
				B85AE7292CCD1F0B0011BDB1 /* GoogleSignIn in Frameworks */,
				B85AE71F2CC142F90011BDB1 /* KakaoSDKAuth in Frameworks */,
				B85AE7232CC142F90011BDB1 /* KakaoSDKUser in Frameworks */,
			);
			runOnlyForDeploymentPostprocessing = 0;
		};
		B8CB50F52CC13BB00045481A /* Frameworks */ = {
			isa = PBXFrameworksBuildPhase;
			buildActionMask = 2147483647;
			files = (
			);
			runOnlyForDeploymentPostprocessing = 0;
		};
		B8CB50FF2CC13BB00045481A /* Frameworks */ = {
			isa = PBXFrameworksBuildPhase;
			buildActionMask = 2147483647;
			files = (
			);
			runOnlyForDeploymentPostprocessing = 0;
		};
/* End PBXFrameworksBuildPhase section */

/* Begin PBXGroup section */
		01B46CE12D212C850007CBFF /* TeamSelect */ = {
			isa = PBXGroup;
			children = (
				01C8FBBF2D772AA500C544A3 /* ChangeTeamSelectView.swift */,
			);
			path = TeamSelect;
			sourceTree = "<group>";
		};
		B832ACC32DD9B2E9006D2E68 /* DatePicker */ = {
			isa = PBXGroup;
			children = (
				B832ACC82DD9C624006D2E68 /* DatePickerView.swift */,
				B832ACC62DD9BED9006D2E68 /* CalendarGridView.swift */,
				B832ACC42DD9BEB1006D2E68 /* CustomDatePickerView.swift */,
			);
			path = DatePicker;
			sourceTree = "<group>";
		};
		B8CB50DF2CC13BAC0045481A = {
			isa = PBXGroup;
			children = (
				B8CB50EA2CC13BAC0045481A /* balllog */,
				B8CB50FB2CC13BB00045481A /* balllogTests */,
				B8CB51052CC13BB00045481A /* balllogUITests */,
				B8CB50E92CC13BAC0045481A /* Products */,
			);
			sourceTree = "<group>";
		};
		B8CB50E92CC13BAC0045481A /* Products */ = {
			isa = PBXGroup;
			children = (
				B8CB50E82CC13BAC0045481A /* balllog.app */,
				B8CB50F82CC13BB00045481A /* balllogTests.xctest */,
				B8CB51022CC13BB00045481A /* balllogUITests.xctest */,
			);
			name = Products;
			sourceTree = "<group>";
		};
		B8CB50EA2CC13BAC0045481A /* balllog */ = {
			isa = PBXGroup;
			children = (
				B8DEF3D02E15503E00933452 /* Services */,
				B8DEF3CF2E15503800933452 /* ViewModels */,
				B8DEF3CE2E15503300933452 /* Views */,
				B8DEF3CD2E15502600933452 /* Models */,
				B8DEF3CC2E15502000933452 /* Utils */,
				01C8FBC52D8C36E300C544A3 /* Font */,
				B8955BAA2D1059140006350D /* balllog.entitlements */,
				B85AE71A2CC140360011BDB1 /* Info.plist */,
				B8CB51152CC13C4F0045481A /* Common */,
				01A952CC2DC0FE33002A1B5E /* ServiceCommon */,
				01B46CE12D212C850007CBFF /* TeamSelect */,
				B8CB50EB2CC13BAC0045481A /* balllogApp.swift */,
				B8CB50EF2CC13BB00045481A /* Assets.xcassets */,
				B8CB50F12CC13BB00045481A /* Preview Content */,
			);
			path = balllog;
			sourceTree = "<group>";
		};
		B8CB50F12CC13BB00045481A /* Preview Content */ = {
			isa = PBXGroup;
			children = (
				B8CB50F22CC13BB00045481A /* Preview Assets.xcassets */,
			);
			path = "Preview Content";
			sourceTree = "<group>";
		};
		B8CB50FB2CC13BB00045481A /* balllogTests */ = {
			isa = PBXGroup;
			children = (
				B8CB50FC2CC13BB00045481A /* balllogTests.swift */,
			);
			path = balllogTests;
			sourceTree = "<group>";
		};
		B8CB51052CC13BB00045481A /* balllogUITests */ = {
			isa = PBXGroup;
			children = (
				B8CB51062CC13BB00045481A /* balllogUITests.swift */,
				B8CB51082CC13BB00045481A /* balllogUITestsLaunchTests.swift */,
			);
			path = balllogUITests;
			sourceTree = "<group>";
		};
		B8CB51152CC13C4F0045481A /* Common */ = {
			isa = PBXGroup;
			children = (
				01C8FBB92D71D10D00C544A3 /* Color.swift */,
				B8CB51162CC13C5E0045481A /* SplashView.swift */,
				01B46CE82D2141EE0007CBFF /* CustomButtonStyle.swift */,
				01B46D002D33B9270007CBFF /* CustomInputView.swift */,
				01C8FBDA2D8CFB9000C544A3 /* RoundedCorner.swift */,
				01C8FBDE2D8D0AF400C544A3 /* DetailHeaderView.swift */,
				B832ACC32DD9B2E9006D2E68 /* DatePicker */,
			);
			path = Common;
			sourceTree = "<group>";
		};
/* End PBXGroup section */

/* Begin PBXNativeTarget section */
		B8CB50E72CC13BAC0045481A /* balllog */ = {
			isa = PBXNativeTarget;
			buildConfigurationList = B8CB510C2CC13BB00045481A /* Build configuration list for PBXNativeTarget "balllog" */;
			buildPhases = (
				B8CB50E42CC13BAC0045481A /* Sources */,
				B8CB50E52CC13BAC0045481A /* Frameworks */,
				B8CB50E62CC13BAC0045481A /* Resources */,
			);
			buildRules = (
			);
			dependencies = (
			);
			fileSystemSynchronizedGroups = (
				01A952CC2DC0FE33002A1B5E /* ServiceCommon */,
				01C8FBC52D8C36E300C544A3 /* Font */,
				B8DEF3CC2E15502000933452 /* Utils */,
				B8DEF3CD2E15502600933452 /* Models */,
				B8DEF3CE2E15503300933452 /* Views */,
				B8DEF3CF2E15503800933452 /* ViewModels */,
				B8DEF3D02E15503E00933452 /* Services */,
			);
			name = balllog;
			packageProductDependencies = (
				B85AE71E2CC142F90011BDB1 /* KakaoSDKAuth */,
				B85AE7202CC142F90011BDB1 /* KakaoSDKCommon */,
				B85AE7222CC142F90011BDB1 /* KakaoSDKUser */,
				B85AE7282CCD1F0B0011BDB1 /* GoogleSignIn */,
				B85AE72A2CCD1F0B0011BDB1 /* GoogleSignInSwift */,
			);
			productName = balllog;
			productReference = B8CB50E82CC13BAC0045481A /* balllog.app */;
			productType = "com.apple.product-type.application";
		};
		B8CB50F72CC13BB00045481A /* balllogTests */ = {
			isa = PBXNativeTarget;
			buildConfigurationList = B8CB510F2CC13BB00045481A /* Build configuration list for PBXNativeTarget "balllogTests" */;
			buildPhases = (
				B8CB50F42CC13BB00045481A /* Sources */,
				B8CB50F52CC13BB00045481A /* Frameworks */,
				B8CB50F62CC13BB00045481A /* Resources */,
			);
			buildRules = (
			);
			dependencies = (
				B8CB50FA2CC13BB00045481A /* PBXTargetDependency */,
			);
			name = balllogTests;
			productName = balllogTests;
			productReference = B8CB50F82CC13BB00045481A /* balllogTests.xctest */;
			productType = "com.apple.product-type.bundle.unit-test";
		};
		B8CB51012CC13BB00045481A /* balllogUITests */ = {
			isa = PBXNativeTarget;
			buildConfigurationList = B8CB51122CC13BB00045481A /* Build configuration list for PBXNativeTarget "balllogUITests" */;
			buildPhases = (
				B8CB50FE2CC13BB00045481A /* Sources */,
				B8CB50FF2CC13BB00045481A /* Frameworks */,
				B8CB51002CC13BB00045481A /* Resources */,
			);
			buildRules = (
			);
			dependencies = (
				B8CB51042CC13BB00045481A /* PBXTargetDependency */,
			);
			name = balllogUITests;
			productName = balllogUITests;
			productReference = B8CB51022CC13BB00045481A /* balllogUITests.xctest */;
			productType = "com.apple.product-type.bundle.ui-testing";
		};
/* End PBXNativeTarget section */

/* Begin PBXProject section */
		B8CB50E02CC13BAC0045481A /* Project object */ = {
			isa = PBXProject;
			attributes = {
				BuildIndependentTargetsInParallel = 1;
				LastSwiftUpdateCheck = 1540;
				LastUpgradeCheck = 1540;
				TargetAttributes = {
					B8CB50E72CC13BAC0045481A = {
						CreatedOnToolsVersion = 15.4;
					};
					B8CB50F72CC13BB00045481A = {
						CreatedOnToolsVersion = 15.4;
						TestTargetID = B8CB50E72CC13BAC0045481A;
					};
					B8CB51012CC13BB00045481A = {
						CreatedOnToolsVersion = 15.4;
						TestTargetID = B8CB50E72CC13BAC0045481A;
					};
				};
			};
			buildConfigurationList = B8CB50E32CC13BAC0045481A /* Build configuration list for PBXProject "balllog" */;
			compatibilityVersion = "Xcode 14.0";
			developmentRegion = en;
			hasScannedForEncodings = 0;
			knownRegions = (
				en,
				Base,
			);
			mainGroup = B8CB50DF2CC13BAC0045481A;
			packageReferences = (
				B85AE71D2CC142F90011BDB1 /* XCRemoteSwiftPackageReference "kakao-ios-sdk" */,
				B85AE7272CCD1F0B0011BDB1 /* XCRemoteSwiftPackageReference "GoogleSignIn-iOS" */,
			);
			productRefGroup = B8CB50E92CC13BAC0045481A /* Products */;
			projectDirPath = "";
			projectRoot = "";
			targets = (
				B8CB50E72CC13BAC0045481A /* balllog */,
				B8CB50F72CC13BB00045481A /* balllogTests */,
				B8CB51012CC13BB00045481A /* balllogUITests */,
			);
		};
/* End PBXProject section */

/* Begin PBXResourcesBuildPhase section */
		B8CB50E62CC13BAC0045481A /* Resources */ = {
			isa = PBXResourcesBuildPhase;
			buildActionMask = 2147483647;
			files = (
				B8CB50F32CC13BB00045481A /* Preview Assets.xcassets in Resources */,
				B8CB50F02CC13BB00045481A /* Assets.xcassets in Resources */,
			);
			runOnlyForDeploymentPostprocessing = 0;
		};
		B8CB50F62CC13BB00045481A /* Resources */ = {
			isa = PBXResourcesBuildPhase;
			buildActionMask = 2147483647;
			files = (
			);
			runOnlyForDeploymentPostprocessing = 0;
		};
		B8CB51002CC13BB00045481A /* Resources */ = {
			isa = PBXResourcesBuildPhase;
			buildActionMask = 2147483647;
			files = (
			);
			runOnlyForDeploymentPostprocessing = 0;
		};
/* End PBXResourcesBuildPhase section */

/* Begin PBXSourcesBuildPhase section */
		B8CB50E42CC13BAC0045481A /* Sources */ = {
			isa = PBXSourcesBuildPhase;
			buildActionMask = 2147483647;
			files = (
				01C8FBD22D8CFA6900C544A3 /* CustomButtonStyle.swift in Sources */,
				01C8FBD42D8CFA6900C544A3 /* SplashView.swift in Sources */,
				B832ACC72DD9BEDC006D2E68 /* CalendarGridView.swift in Sources */,
				01C8FBD52D8CFA6900C544A3 /* CustomInputView.swift in Sources */,
				01C8FBD62D8CFA6900C544A3 /* Color.swift in Sources */,
				01C8FBDF2D8D0AF400C544A3 /* DetailHeaderView.swift in Sources */,
				01C8FBC02D772AAB00C544A3 /* ChangeTeamSelectView.swift in Sources */,
				01C8FBDB2D8CFB9000C544A3 /* RoundedCorner.swift in Sources */,
				B832ACC52DD9BEB6006D2E68 /* CustomDatePickerView.swift in Sources */,
				B8CB50EC2CC13BAC0045481A /* balllogApp.swift in Sources */,
				B832ACC92DD9C626006D2E68 /* DatePickerView.swift in Sources */,
			);
			runOnlyForDeploymentPostprocessing = 0;
		};
		B8CB50F42CC13BB00045481A /* Sources */ = {
			isa = PBXSourcesBuildPhase;
			buildActionMask = 2147483647;
			files = (
				B8CB50FD2CC13BB00045481A /* balllogTests.swift in Sources */,
			);
			runOnlyForDeploymentPostprocessing = 0;
		};
		B8CB50FE2CC13BB00045481A /* Sources */ = {
			isa = PBXSourcesBuildPhase;
			buildActionMask = 2147483647;
			files = (
				B8CB51092CC13BB00045481A /* balllogUITestsLaunchTests.swift in Sources */,
				B8CB51072CC13BB00045481A /* balllogUITests.swift in Sources */,
			);
			runOnlyForDeploymentPostprocessing = 0;
		};
/* End PBXSourcesBuildPhase section */

/* Begin PBXTargetDependency section */
		B8CB50FA2CC13BB00045481A /* PBXTargetDependency */ = {
			isa = PBXTargetDependency;
			target = B8CB50E72CC13BAC0045481A /* balllog */;
			targetProxy = B8CB50F92CC13BB00045481A /* PBXContainerItemProxy */;
		};
		B8CB51042CC13BB00045481A /* PBXTargetDependency */ = {
			isa = PBXTargetDependency;
			target = B8CB50E72CC13BAC0045481A /* balllog */;
			targetProxy = B8CB51032CC13BB00045481A /* PBXContainerItemProxy */;
		};
/* End PBXTargetDependency section */

/* Begin XCBuildConfiguration section */
		B8CB510A2CC13BB00045481A /* Debug */ = {
			isa = XCBuildConfiguration;
			buildSettings = {
				ALWAYS_SEARCH_USER_PATHS = NO;
				ASSETCATALOG_COMPILER_GENERATE_SWIFT_ASSET_SYMBOL_EXTENSIONS = YES;
				CLANG_ANALYZER_NONNULL = YES;
				CLANG_ANALYZER_NUMBER_OBJECT_CONVERSION = YES_AGGRESSIVE;
				CLANG_CXX_LANGUAGE_STANDARD = "gnu++20";
				CLANG_ENABLE_MODULES = YES;
				CLANG_ENABLE_OBJC_ARC = YES;
				CLANG_ENABLE_OBJC_WEAK = YES;
				CLANG_WARN_BLOCK_CAPTURE_AUTORELEASING = YES;
				CLANG_WARN_BOOL_CONVERSION = YES;
				CLANG_WARN_COMMA = YES;
				CLANG_WARN_CONSTANT_CONVERSION = YES;
				CLANG_WARN_DEPRECATED_OBJC_IMPLEMENTATIONS = YES;
				CLANG_WARN_DIRECT_OBJC_ISA_USAGE = YES_ERROR;
				CLANG_WARN_DOCUMENTATION_COMMENTS = YES;
				CLANG_WARN_EMPTY_BODY = YES;
				CLANG_WARN_ENUM_CONVERSION = YES;
				CLANG_WARN_INFINITE_RECURSION = YES;
				CLANG_WARN_INT_CONVERSION = YES;
				CLANG_WARN_NON_LITERAL_NULL_CONVERSION = YES;
				CLANG_WARN_OBJC_IMPLICIT_RETAIN_SELF = YES;
				CLANG_WARN_OBJC_LITERAL_CONVERSION = YES;
				CLANG_WARN_OBJC_ROOT_CLASS = YES_ERROR;
				CLANG_WARN_QUOTED_INCLUDE_IN_FRAMEWORK_HEADER = YES;
				CLANG_WARN_RANGE_LOOP_ANALYSIS = YES;
				CLANG_WARN_STRICT_PROTOTYPES = YES;
				CLANG_WARN_SUSPICIOUS_MOVE = YES;
				CLANG_WARN_UNGUARDED_AVAILABILITY = YES_AGGRESSIVE;
				CLANG_WARN_UNREACHABLE_CODE = YES;
				CLANG_WARN__DUPLICATE_METHOD_MATCH = YES;
				COPY_PHASE_STRIP = NO;
				DEBUG_INFORMATION_FORMAT = dwarf;
				ENABLE_STRICT_OBJC_MSGSEND = YES;
				ENABLE_TESTABILITY = YES;
				ENABLE_USER_SCRIPT_SANDBOXING = YES;
				GCC_C_LANGUAGE_STANDARD = gnu17;
				GCC_DYNAMIC_NO_PIC = NO;
				GCC_NO_COMMON_BLOCKS = YES;
				GCC_OPTIMIZATION_LEVEL = 0;
				GCC_PREPROCESSOR_DEFINITIONS = (
					"DEBUG=1",
					"$(inherited)",
				);
				GCC_WARN_64_TO_32_BIT_CONVERSION = YES;
				GCC_WARN_ABOUT_RETURN_TYPE = YES_ERROR;
				GCC_WARN_UNDECLARED_SELECTOR = YES;
				GCC_WARN_UNINITIALIZED_AUTOS = YES_AGGRESSIVE;
				GCC_WARN_UNUSED_FUNCTION = YES;
				GCC_WARN_UNUSED_VARIABLE = YES;
				IPHONEOS_DEPLOYMENT_TARGET = 17.5;
				LOCALIZATION_PREFERS_STRING_CATALOGS = YES;
				MTL_ENABLE_DEBUG_INFO = INCLUDE_SOURCE;
				MTL_FAST_MATH = YES;
				ONLY_ACTIVE_ARCH = YES;
				SDKROOT = iphoneos;
				SWIFT_ACTIVE_COMPILATION_CONDITIONS = "DEBUG $(inherited)";
				SWIFT_OPTIMIZATION_LEVEL = "-Onone";
			};
			name = Debug;
		};
		B8CB510B2CC13BB00045481A /* Release */ = {
			isa = XCBuildConfiguration;
			buildSettings = {
				ALWAYS_SEARCH_USER_PATHS = NO;
				ASSETCATALOG_COMPILER_GENERATE_SWIFT_ASSET_SYMBOL_EXTENSIONS = YES;
				CLANG_ANALYZER_NONNULL = YES;
				CLANG_ANALYZER_NUMBER_OBJECT_CONVERSION = YES_AGGRESSIVE;
				CLANG_CXX_LANGUAGE_STANDARD = "gnu++20";
				CLANG_ENABLE_MODULES = YES;
				CLANG_ENABLE_OBJC_ARC = YES;
				CLANG_ENABLE_OBJC_WEAK = YES;
				CLANG_WARN_BLOCK_CAPTURE_AUTORELEASING = YES;
				CLANG_WARN_BOOL_CONVERSION = YES;
				CLANG_WARN_COMMA = YES;
				CLANG_WARN_CONSTANT_CONVERSION = YES;
				CLANG_WARN_DEPRECATED_OBJC_IMPLEMENTATIONS = YES;
				CLANG_WARN_DIRECT_OBJC_ISA_USAGE = YES_ERROR;
				CLANG_WARN_DOCUMENTATION_COMMENTS = YES;
				CLANG_WARN_EMPTY_BODY = YES;
				CLANG_WARN_ENUM_CONVERSION = YES;
				CLANG_WARN_INFINITE_RECURSION = YES;
				CLANG_WARN_INT_CONVERSION = YES;
				CLANG_WARN_NON_LITERAL_NULL_CONVERSION = YES;
				CLANG_WARN_OBJC_IMPLICIT_RETAIN_SELF = YES;
				CLANG_WARN_OBJC_LITERAL_CONVERSION = YES;
				CLANG_WARN_OBJC_ROOT_CLASS = YES_ERROR;
				CLANG_WARN_QUOTED_INCLUDE_IN_FRAMEWORK_HEADER = YES;
				CLANG_WARN_RANGE_LOOP_ANALYSIS = YES;
				CLANG_WARN_STRICT_PROTOTYPES = YES;
				CLANG_WARN_SUSPICIOUS_MOVE = YES;
				CLANG_WARN_UNGUARDED_AVAILABILITY = YES_AGGRESSIVE;
				CLANG_WARN_UNREACHABLE_CODE = YES;
				CLANG_WARN__DUPLICATE_METHOD_MATCH = YES;
				COPY_PHASE_STRIP = NO;
				DEBUG_INFORMATION_FORMAT = "dwarf-with-dsym";
				ENABLE_NS_ASSERTIONS = NO;
				ENABLE_STRICT_OBJC_MSGSEND = YES;
				ENABLE_USER_SCRIPT_SANDBOXING = YES;
				GCC_C_LANGUAGE_STANDARD = gnu17;
				GCC_NO_COMMON_BLOCKS = YES;
				GCC_WARN_64_TO_32_BIT_CONVERSION = YES;
				GCC_WARN_ABOUT_RETURN_TYPE = YES_ERROR;
				GCC_WARN_UNDECLARED_SELECTOR = YES;
				GCC_WARN_UNINITIALIZED_AUTOS = YES_AGGRESSIVE;
				GCC_WARN_UNUSED_FUNCTION = YES;
				GCC_WARN_UNUSED_VARIABLE = YES;
				IPHONEOS_DEPLOYMENT_TARGET = 17.5;
				LOCALIZATION_PREFERS_STRING_CATALOGS = YES;
				MTL_ENABLE_DEBUG_INFO = NO;
				MTL_FAST_MATH = YES;
				SDKROOT = iphoneos;
				SWIFT_COMPILATION_MODE = wholemodule;
				VALIDATE_PRODUCT = YES;
			};
			name = Release;
		};
		B8CB510D2CC13BB00045481A /* Debug */ = {
			isa = XCBuildConfiguration;
			buildSettings = {
				ASSETCATALOG_COMPILER_APPICON_NAME = AppIcon;
				ASSETCATALOG_COMPILER_GLOBAL_ACCENT_COLOR_NAME = AccentColor;
				CODE_SIGN_ENTITLEMENTS = balllog/balllog.entitlements;
				CODE_SIGN_STYLE = Automatic;
				CURRENT_PROJECT_VERSION = 1;
				DEVELOPMENT_ASSET_PATHS = "\"balllog/Preview Content\"";
				DEVELOPMENT_TEAM = 8D8A5HLKC8;
				ENABLE_PREVIEWS = YES;
				GENERATE_INFOPLIST_FILE = YES;
				INFOPLIST_FILE = balllog/Info.plist;
				INFOPLIST_KEY_UIApplicationSceneManifest_Generation = YES;
				INFOPLIST_KEY_UIApplicationSupportsIndirectInputEvents = YES;
				INFOPLIST_KEY_UILaunchScreen_Generation = YES;
				INFOPLIST_KEY_UISupportedInterfaceOrientations_iPad = "UIInterfaceOrientationPortrait UIInterfaceOrientationPortraitUpsideDown UIInterfaceOrientationLandscapeLeft UIInterfaceOrientationLandscapeRight";
				INFOPLIST_KEY_UISupportedInterfaceOrientations_iPhone = "UIInterfaceOrientationPortrait UIInterfaceOrientationLandscapeLeft UIInterfaceOrientationLandscapeRight";
				LD_RUNPATH_SEARCH_PATHS = (
					"$(inherited)",
					"@executable_path/Frameworks",
				);
				MARKETING_VERSION = 1.0;
				PRODUCT_BUNDLE_IDENTIFIER = balllog.balllog;
				PRODUCT_NAME = "$(TARGET_NAME)";
				SWIFT_EMIT_LOC_STRINGS = YES;
				SWIFT_VERSION = 5.0;
				TARGETED_DEVICE_FAMILY = "1,2";
			};
			name = Debug;
		};
		B8CB510E2CC13BB00045481A /* Release */ = {
			isa = XCBuildConfiguration;
			buildSettings = {
				ASSETCATALOG_COMPILER_APPICON_NAME = AppIcon;
				ASSETCATALOG_COMPILER_GLOBAL_ACCENT_COLOR_NAME = AccentColor;
				CODE_SIGN_ENTITLEMENTS = balllog/balllog.entitlements;
				CODE_SIGN_STYLE = Automatic;
				CURRENT_PROJECT_VERSION = 1;
				DEVELOPMENT_ASSET_PATHS = "\"balllog/Preview Content\"";
				DEVELOPMENT_TEAM = 8D8A5HLKC8;
				ENABLE_PREVIEWS = YES;
				GENERATE_INFOPLIST_FILE = YES;
				INFOPLIST_FILE = balllog/Info.plist;
				INFOPLIST_KEY_UIApplicationSceneManifest_Generation = YES;
				INFOPLIST_KEY_UIApplicationSupportsIndirectInputEvents = YES;
				INFOPLIST_KEY_UILaunchScreen_Generation = YES;
				INFOPLIST_KEY_UISupportedInterfaceOrientations_iPad = "UIInterfaceOrientationPortrait UIInterfaceOrientationPortraitUpsideDown UIInterfaceOrientationLandscapeLeft UIInterfaceOrientationLandscapeRight";
				INFOPLIST_KEY_UISupportedInterfaceOrientations_iPhone = "UIInterfaceOrientationPortrait UIInterfaceOrientationLandscapeLeft UIInterfaceOrientationLandscapeRight";
				LD_RUNPATH_SEARCH_PATHS = (
					"$(inherited)",
					"@executable_path/Frameworks",
				);
				MARKETING_VERSION = 1.0;
				PRODUCT_BUNDLE_IDENTIFIER = balllog.balllog;
				PRODUCT_NAME = "$(TARGET_NAME)";
				SWIFT_EMIT_LOC_STRINGS = YES;
				SWIFT_VERSION = 5.0;
				TARGETED_DEVICE_FAMILY = "1,2";
			};
			name = Release;
		};
		B8CB51102CC13BB00045481A /* Debug */ = {
			isa = XCBuildConfiguration;
			buildSettings = {
				ALWAYS_EMBED_SWIFT_STANDARD_LIBRARIES = YES;
				BUNDLE_LOADER = "$(TEST_HOST)";
				CODE_SIGN_STYLE = Automatic;
				CURRENT_PROJECT_VERSION = 1;
				GENERATE_INFOPLIST_FILE = YES;
				IPHONEOS_DEPLOYMENT_TARGET = 17.5;
				MARKETING_VERSION = 1.0;
				PRODUCT_BUNDLE_IDENTIFIER = ddoddo.balllogTests;
				PRODUCT_NAME = "$(TARGET_NAME)";
				SWIFT_EMIT_LOC_STRINGS = NO;
				SWIFT_VERSION = 5.0;
				TARGETED_DEVICE_FAMILY = "1,2";
				TEST_HOST = "$(BUILT_PRODUCTS_DIR)/balllog.app/$(BUNDLE_EXECUTABLE_FOLDER_PATH)/balllog";
			};
			name = Debug;
		};
		B8CB51112CC13BB00045481A /* Release */ = {
			isa = XCBuildConfiguration;
			buildSettings = {
				ALWAYS_EMBED_SWIFT_STANDARD_LIBRARIES = YES;
				BUNDLE_LOADER = "$(TEST_HOST)";
				CODE_SIGN_STYLE = Automatic;
				CURRENT_PROJECT_VERSION = 1;
				GENERATE_INFOPLIST_FILE = YES;
				IPHONEOS_DEPLOYMENT_TARGET = 17.5;
				MARKETING_VERSION = 1.0;
				PRODUCT_BUNDLE_IDENTIFIER = ddoddo.balllogTests;
				PRODUCT_NAME = "$(TARGET_NAME)";
				SWIFT_EMIT_LOC_STRINGS = NO;
				SWIFT_VERSION = 5.0;
				TARGETED_DEVICE_FAMILY = "1,2";
				TEST_HOST = "$(BUILT_PRODUCTS_DIR)/balllog.app/$(BUNDLE_EXECUTABLE_FOLDER_PATH)/balllog";
			};
			name = Release;
		};
		B8CB51132CC13BB00045481A /* Debug */ = {
			isa = XCBuildConfiguration;
			buildSettings = {
				ALWAYS_EMBED_SWIFT_STANDARD_LIBRARIES = YES;
				CODE_SIGN_STYLE = Automatic;
				CURRENT_PROJECT_VERSION = 1;
				GENERATE_INFOPLIST_FILE = YES;
				MARKETING_VERSION = 1.0;
				PRODUCT_BUNDLE_IDENTIFIER = ddoddoballlogUITests;
				PRODUCT_NAME = "$(TARGET_NAME)";
				SWIFT_EMIT_LOC_STRINGS = NO;
				SWIFT_VERSION = 5.0;
				TARGETED_DEVICE_FAMILY = "1,2";
				TEST_TARGET_NAME = balllog;
			};
			name = Debug;
		};
		B8CB51142CC13BB00045481A /* Release */ = {
			isa = XCBuildConfiguration;
			buildSettings = {
				ALWAYS_EMBED_SWIFT_STANDARD_LIBRARIES = YES;
				CODE_SIGN_STYLE = Automatic;
				CURRENT_PROJECT_VERSION = 1;
				GENERATE_INFOPLIST_FILE = YES;
				MARKETING_VERSION = 1.0;
				PRODUCT_BUNDLE_IDENTIFIER = ddoddoballlogUITests;
				PRODUCT_NAME = "$(TARGET_NAME)";
				SWIFT_EMIT_LOC_STRINGS = NO;
				SWIFT_VERSION = 5.0;
				TARGETED_DEVICE_FAMILY = "1,2";
				TEST_TARGET_NAME = balllog;
			};
			name = Release;
		};
/* End XCBuildConfiguration section */

/* Begin XCConfigurationList section */
		B8CB50E32CC13BAC0045481A /* Build configuration list for PBXProject "balllog" */ = {
			isa = XCConfigurationList;
			buildConfigurations = (
				B8CB510A2CC13BB00045481A /* Debug */,
				B8CB510B2CC13BB00045481A /* Release */,
			);
			defaultConfigurationIsVisible = 0;
			defaultConfigurationName = Release;
		};
		B8CB510C2CC13BB00045481A /* Build configuration list for PBXNativeTarget "balllog" */ = {
			isa = XCConfigurationList;
			buildConfigurations = (
				B8CB510D2CC13BB00045481A /* Debug */,
				B8CB510E2CC13BB00045481A /* Release */,
			);
			defaultConfigurationIsVisible = 0;
			defaultConfigurationName = Release;
		};
		B8CB510F2CC13BB00045481A /* Build configuration list for PBXNativeTarget "balllogTests" */ = {
			isa = XCConfigurationList;
			buildConfigurations = (
				B8CB51102CC13BB00045481A /* Debug */,
				B8CB51112CC13BB00045481A /* Release */,
			);
			defaultConfigurationIsVisible = 0;
			defaultConfigurationName = Release;
		};
		B8CB51122CC13BB00045481A /* Build configuration list for PBXNativeTarget "balllogUITests" */ = {
			isa = XCConfigurationList;
			buildConfigurations = (
				B8CB51132CC13BB00045481A /* Debug */,
				B8CB51142CC13BB00045481A /* Release */,
			);
			defaultConfigurationIsVisible = 0;
			defaultConfigurationName = Release;
		};
/* End XCConfigurationList section */

/* Begin XCRemoteSwiftPackageReference section */
		B85AE71D2CC142F90011BDB1 /* XCRemoteSwiftPackageReference "kakao-ios-sdk" */ = {
			isa = XCRemoteSwiftPackageReference;
			repositoryURL = "https://github.com/kakao/kakao-ios-sdk";
			requirement = {
				kind = upToNextMajorVersion;
				minimumVersion = 2.23.0;
			};
		};
		B85AE7272CCD1F0B0011BDB1 /* XCRemoteSwiftPackageReference "GoogleSignIn-iOS" */ = {
			isa = XCRemoteSwiftPackageReference;
			repositoryURL = "https://github.com/google/GoogleSignIn-iOS";
			requirement = {
				kind = upToNextMajorVersion;
				minimumVersion = 8.0.0;
			};
		};
/* End XCRemoteSwiftPackageReference section */

/* Begin XCSwiftPackageProductDependency section */
		B85AE71E2CC142F90011BDB1 /* KakaoSDKAuth */ = {
			isa = XCSwiftPackageProductDependency;
			package = B85AE71D2CC142F90011BDB1 /* XCRemoteSwiftPackageReference "kakao-ios-sdk" */;
			productName = KakaoSDKAuth;
		};
		B85AE7202CC142F90011BDB1 /* KakaoSDKCommon */ = {
			isa = XCSwiftPackageProductDependency;
			package = B85AE71D2CC142F90011BDB1 /* XCRemoteSwiftPackageReference "kakao-ios-sdk" */;
			productName = KakaoSDKCommon;
		};
		B85AE7222CC142F90011BDB1 /* KakaoSDKUser */ = {
			isa = XCSwiftPackageProductDependency;
			package = B85AE71D2CC142F90011BDB1 /* XCRemoteSwiftPackageReference "kakao-ios-sdk" */;
			productName = KakaoSDKUser;
		};
		B85AE7282CCD1F0B0011BDB1 /* GoogleSignIn */ = {
			isa = XCSwiftPackageProductDependency;
			package = B85AE7272CCD1F0B0011BDB1 /* XCRemoteSwiftPackageReference "GoogleSignIn-iOS" */;
			productName = GoogleSignIn;
		};
		B85AE72A2CCD1F0B0011BDB1 /* GoogleSignInSwift */ = {
			isa = XCSwiftPackageProductDependency;
			package = B85AE7272CCD1F0B0011BDB1 /* XCRemoteSwiftPackageReference "GoogleSignIn-iOS" */;
			productName = GoogleSignInSwift;
		};
/* End XCSwiftPackageProductDependency section */
	};
	rootObject = B8CB50E02CC13BAC0045481A /* Project object */;
}
